{
  "name": "consulting_project",
  "lockfileVersion": 3,
  "requires": true,
  "packages": {
    "": {
      "dependencies": {
        "react-dadata": "^2.28.0-beta.0"
      }
    },
    "node_modules/debounce": {
      "version": "1.2.1",
      "resolved": "https://registry.npmmirror.com/debounce/-/debounce-1.2.1.tgz",
      "integrity": "sha512-XRRe6Glud4rd/ZGQfiV1ruXSfbvfJedlV9Y6zOlP+2K04vBYiJEte6stfFkCP03aMnY5tsipamumUjL14fofug==",
      "license": "MIT"
    },
    "node_modules/highlight-words": {
      "version": "1.2.2",
      "resolved": "https://registry.npmmirror.com/highlight-words/-/highlight-words-1.2.2.tgz",
      "integrity": "sha512-Mf4xfPXYm8Ay1wTibCrHpNWeR2nUMynMVFkXCi4mbl+TEgmNOe+I4hV7W3OCZcSvzGL6kupaqpfHOemliMTGxQ==",
      "license": "MIT",
      "engines": {
        "node": ">= 16",
        "npm": ">= 8"
      }
    },
    "node_modules/nanoid": {
      "version": "3.3.11",
      "resolved": "https://registry.npmmirror.com/nanoid/-/nanoid-3.3.11.tgz",
      "integrity": "sha512-N8SpfPUnUp1bK+PMYW8qSWdl9U+wwNWI4QKxOYDy9JAro3WMX7p2OeVRF9v+347pnakNevPmiHhNmZ2HbFA76w==",
      "funding": [
        {
          "type": "github",
          "url": "https://github.com/sponsors/ai"
        }
      ],
      "license": "MIT",
      "bin": {
        "nanoid": "bin/nanoid.cjs"
      },
      "engines": {
        "node": "^10 || ^12 || ^13.7 || ^14 || >=15.0.1"
      }
    },
    "node_modules/react": {
      "version": "19.2.4",
      "resolved": "https://registry.npmmirror.com/react/-/react-19.2.4.tgz",
      "integrity": "sha512-9nfp2hYpCwOjAN+8TZFGhtWEwgvWHXqESH8qT89AT/lWklpLON22Lc8pEtnpsZz7VmawabSU0gCjnj8aC0euHQ==",
      "license": "MIT",
      "peer": true,
      "engines": {
        "node": ">=0.10.0"
      }
    },
    "node_modules/react-dadata": {
      "version": "2.28.0-beta.0",
      "resolved": "https://registry.npmmirror.com/react-dadata/-/react-dadata-2.28.0-beta.0.tgz",
      "integrity": "sha512-qoilqB9sUmPYDZ6sujSfcAqeF0ifS85aHN8+PUsCK132n+sX4NYk9L/E1ry48T/WzBbxnPw/Q+4QdV3ENN6blA==",
      "license": "MIT",
      "dependencies": {
        "debounce": "^1.2.1",
        "highlight-words": "^1.2.1",
        "nanoid": "^3.3.6",
        "shallowequal": "^1.1.0"
      },
      "peerDependencies": {
        "react": "^15.6 || ^16.0 || ^17.0 || ^18.0 || ^19.0",
        "react-dom": "^15.6 || ^16.0 || ^17.0 || ^18.0 || ^19.0"
      }
    },
    "node_modules/react-dom": {
      "version": "19.2.4",
      "resolved": "https://registry.npmmirror.com/react-dom/-/react-dom-19.2.4.tgz",
      "integrity": "sha512-AXJdLo8kgMbimY95O2aKQqsz2iWi9jMgKJhRBAxECE4IFxfcazB2LmzloIoibJI3C12IlY20+KFaLv+71bUJeQ==",
      "license": "MIT",
      "peer": true,
      "dependencies": {
        "scheduler": "^0.27.0"
      },
      "peerDependencies": {
        "react": "^19.2.4"
      }
    },
    "node_modules/scheduler": {
      "version": "0.27.0",
      "resolved": "https://registry.npmmirror.com/scheduler/-/scheduler-0.27.0.tgz",
      "integrity": "sha512-eNv+WrVbKu1f3vbYJT/xtiF5syA5HPIMtf9IgY/nKg0sWqzAUEvqY/xm7OcZc/qafLx/iO9FgOmeSAp4v5ti/Q==",
      "license": "MIT",
      "peer": true
    },
    "node_modules/shallowequal": {
      "version": "1.1.0",
      "resolved": "https://registry.npmmirror.com/shallowequal/-/shallowequal-1.1.0.tgz",
      "integrity": "sha512-y0m1JoUZSlPAjXVtPPW70aZWfIL/dSP7AFkRnniLCrK/8MDKog3TySTBmckD+RObVxH0v4Tox67+F14PdED2oQ==",
      "license": "MIT"
    }
  }
}
